
Microsoft Visual Studio Solution File, Format Version 12.00
# Visual Studio Version 17
VisualStudioVersion = 17.9.34723.18
MinimumVisualStudioVersion = 10.0.40219.1
Project("{FAE04EC0-301F-11D3-BF4B-00C04F79EFBC}") = "Ejemplo1W", "Ejemplo1W\Ejemplo1W.csproj", "{92067FF3-E36F-4FDF-8D31-CC1D5C3CA559}"
EndProject
Global
	GlobalSection(SolutionConfigurationPlatforms) = preSolution
		Debug|Any CPU = Debug|Any CPU
		Release|Any CPU = Release|Any CPU
	EndGlobalSection
	GlobalSection(ProjectConfigurationPlatforms) = postSolution
		{92067FF3-E36F-4FDF-8D31-CC1D5C3CA559}.Debug|Any CPU.ActiveCfg = Debug|Any CPU
		{92067FF3-E36F-4FDF-8D31-CC1D5C3CA559}.Debug|Any CPU.Build.0 = Debug|Any CPU
		{92067FF3-E36F-4FDF-8D31-CC1D5C3CA559}.Release|Any CPU.ActiveCfg = Release|Any CPU
		{92067FF3-E36F-4FDF-8D31-CC1D5C3CA559}.Release|Any CPU.Build.0 = Release|Any CPU
	EndGlobalSection
	GlobalSection(SolutionProperties) = preSolution
		HideSolutionNode = FALSE
	EndGlobalSection
	GlobalSection(ExtensibilityGlobals) = postSolution
		SolutionGuid = {F8804BEC-0D49-4817-8E69-0FC3FCC47C1E}
	EndGlobalSection
EndGlobal
